// !$*UTF8*$!
{
	archiveVersion = 1;
	classes = {
	};
	objectVersion = 51;
	objects = {

/* Begin PBXBuildFile section */
		456AAAFFCE17E13472F36D40 /* Pods_Mint_Test.framework in Frameworks */ = {isa = PBXBuildFile; fileRef = 01028DE236617729F859BBD5 /* Pods_Mint_Test.framework */; };
		CF4547B824D0296700E2F88A /* AppDelegate.swift in Sources */ = {isa = PBXBuildFile; fileRef = CF4547B724D0296700E2F88A /* AppDelegate.swift */; };
		CF4547BA24D0296700E2F88A /* SceneDelegate.swift in Sources */ = {isa = PBXBuildFile; fileRef = CF4547B924D0296700E2F88A /* SceneDelegate.swift */; };
		CF4547BC24D0296700E2F88A /* ViewController.swift in Sources */ = {isa = PBXBuildFile; fileRef = CF4547BB24D0296700E2F88A /* ViewController.swift */; };
		CF4547BF24D0296700E2F88A /* Main.storyboard in Resources */ = {isa = PBXBuildFile; fileRef = CF4547BD24D0296700E2F88A /* Main.storyboard */; };
		CF4547C124D0296800E2F88A /* Assets.xcassets in Resources */ = {isa = PBXBuildFile; fileRef = CF4547C024D0296800E2F88A /* Assets.xcassets */; };
		CF4547C424D0296800E2F88A /* LaunchScreen.storyboard in Resources */ = {isa = PBXBuildFile; fileRef = CF4547C224D0296800E2F88A /* LaunchScreen.storyboard */; };
		CFB47F4424D03D5100EE047C /* TableViewController.swift in Sources */ = {isa = PBXBuildFile; fileRef = CFB47F4324D03D5100EE047C /* TableViewController.swift */; };
		CFB47F4624D03D8100EE047C /* TableViewCell.swift in Sources */ = {isa = PBXBuildFile; fileRef = CFB47F4524D03D8100EE047C /* TableViewCell.swift */; };
		CFB47F4B24D0420200EE047C /* Commit.swift in Sources */ = {isa = PBXBuildFile; fileRef = CFB47F4A24D0420200EE047C /* Commit.swift */; };
		CFB47F4D24D0430100EE047C /* CommitMessage.swift in Sources */ = {isa = PBXBuildFile; fileRef = CFB47F4C24D0430100EE047C /* CommitMessage.swift */; };
		CFB47F5124D044F000EE047C /* NetworkResponseModel.swift in Sources */ = {isa = PBXBuildFile; fileRef = CFB47F5024D044F000EE047C /* NetworkResponseModel.swift */; };
		CFB47F5324D0474100EE047C /* GitCaller.swift in Sources */ = {isa = PBXBuildFile; fileRef = CFB47F5224D0474100EE047C /* GitCaller.swift */; };
/* End PBXBuildFile section */

/* Begin PBXFileReference section */
		01028DE236617729F859BBD5 /* Pods_Mint_Test.framework */ = {isa = PBXFileReference; explicitFileType = wrapper.framework; includeInIndex = 0; path = Pods_Mint_Test.framework; sourceTree = BUILT_PRODUCTS_DIR; };
		196CEAE4D537B9639043D414 /* Pods-Mint Test.debug.xcconfig */ = {isa = PBXFileReference; includeInIndex = 1; lastKnownFileType = text.xcconfig; name = "Pods-Mint Test.debug.xcconfig"; path = "Target Support Files/Pods-Mint Test/Pods-Mint Test.debug.xcconfig"; sourceTree = "<group>"; };
		AA43600FCC824F2072ADCC99 /* Pods-Mint Test.release.xcconfig */ = {isa = PBXFileReference; includeInIndex = 1; lastKnownFileType = text.xcconfig; name = "Pods-Mint Test.release.xcconfig"; path = "Target Support Files/Pods-Mint Test/Pods-Mint Test.release.xcconfig"; sourceTree = "<group>"; };
		CF4547B424D0296700E2F88A /* Mint Test.app */ = {isa = PBXFileReference; explicitFileType = wrapper.application; includeInIndex = 0; path = "Mint Test.app"; sourceTree = BUILT_PRODUCTS_DIR; };
		CF4547B724D0296700E2F88A /* AppDelegate.swift */ = {isa = PBXFileReference; lastKnownFileType = sourcecode.swift; path = AppDelegate.swift; sourceTree = "<group>"; };
		CF4547B924D0296700E2F88A /* SceneDelegate.swift */ = {isa = PBXFileReference; lastKnownFileType = sourcecode.swift; path = SceneDelegate.swift; sourceTree = "<group>"; };
		CF4547BB24D0296700E2F88A /* ViewController.swift */ = {isa = PBXFileReference; lastKnownFileType = sourcecode.swift; path = ViewController.swift; sourceTree = "<group>"; };
		CF4547BE24D0296700E2F88A /* Base */ = {isa = PBXFileReference; lastKnownFileType = file.storyboard; name = Base; path = Base.lproj/Main.storyboard; sourceTree = "<group>"; };
		CF4547C024D0296800E2F88A /* Assets.xcassets */ = {isa = PBXFileReference; lastKnownFileType = folder.assetcatalog; path = Assets.xcassets; sourceTree = "<group>"; };
		CF4547C324D0296800E2F88A /* Base */ = {isa = PBXFileReference; lastKnownFileType = file.storyboard; name = Base; path = Base.lproj/LaunchScreen.storyboard; sourceTree = "<group>"; };
		CF4547C524D0296800E2F88A /* Info.plist */ = {isa = PBXFileReference; lastKnownFileType = text.plist.xml; path = Info.plist; sourceTree = "<group>"; };
		CFB47F4324D03D5100EE047C /* TableViewController.swift */ = {isa = PBXFileReference; lastKnownFileType = sourcecode.swift; path = TableViewController.swift; sourceTree = "<group>"; };
		CFB47F4524D03D8100EE047C /* TableViewCell.swift */ = {isa = PBXFileReference; lastKnownFileType = sourcecode.swift; path = TableViewCell.swift; sourceTree = "<group>"; };
		CFB47F4A24D0420200EE047C /* Commit.swift */ = {isa = PBXFileReference; lastKnownFileType = sourcecode.swift; path = Commit.swift; sourceTree = "<group>"; };
		CFB47F4C24D0430100EE047C /* CommitMessage.swift */ = {isa = PBXFileReference; lastKnownFileType = sourcecode.swift; path = CommitMessage.swift; sourceTree = "<group>"; };
		CFB47F5024D044F000EE047C /* NetworkResponseModel.swift */ = {isa = PBXFileReference; lastKnownFileType = sourcecode.swift; path = NetworkResponseModel.swift; sourceTree = "<group>"; };
		CFB47F5224D0474100EE047C /* GitCaller.swift */ = {isa = PBXFileReference; lastKnownFileType = sourcecode.swift; path = GitCaller.swift; sourceTree = "<group>"; };
/* End PBXFileReference section */

/* Begin PBXFrameworksBuildPhase section */
		CF4547B124D0296700E2F88A /* Frameworks */ = {
			isa = PBXFrameworksBuildPhase;
			buildActionMask = 2147483647;
			files = (
				456AAAFFCE17E13472F36D40 /* Pods_Mint_Test.framework in Frameworks */,
			);
			runOnlyForDeploymentPostprocessing = 0;
		};
/* End PBXFrameworksBuildPhase section */

/* Begin PBXGroup section */
		574F38C7558CF311BD6DA06B /* Pods */ = {
			isa = PBXGroup;
			children = (
				196CEAE4D537B9639043D414 /* Pods-Mint Test.debug.xcconfig */,
				AA43600FCC824F2072ADCC99 /* Pods-Mint Test.release.xcconfig */,
			);
			path = Pods;
			sourceTree = "<group>";
		};
		CF4547AB24D0296700E2F88A = {
			isa = PBXGroup;
			children = (
				CF4547B624D0296700E2F88A /* Mint Test */,
				CF4547B524D0296700E2F88A /* Products */,
				574F38C7558CF311BD6DA06B /* Pods */,
				E2A6E4017307E29EB9FC120A /* Frameworks */,
			);
			sourceTree = "<group>";
		};
		CF4547B524D0296700E2F88A /* Products */ = {
			isa = PBXGroup;
			children = (
				CF4547B424D0296700E2F88A /* Mint Test.app */,
			);
			name = Products;
			sourceTree = "<group>";
		};
		CF4547B624D0296700E2F88A /* Mint Test */ = {
			isa = PBXGroup;
			children = (
				CFB47F4F24D044B500EE047C /* Network */,
				CFB47F4724D0404B00EE047C /* StartUpFiles */,
				CF4547BB24D0296700E2F88A /* ViewController.swift */,
				CF4547BD24D0296700E2F88A /* Main.storyboard */,
				CFB47F4E24D0449400EE047C /* Models */,
				CFB47F4524D03D8100EE047C /* TableViewCell.swift */,
				CFB47F4324D03D5100EE047C /* TableViewController.swift */,
				CF4547C024D0296800E2F88A /* Assets.xcassets */,
				CF4547C224D0296800E2F88A /* LaunchScreen.storyboard */,
				CF4547C524D0296800E2F88A /* Info.plist */,
			);
			path = "Mint Test";
			sourceTree = "<group>";
		};
		CFB47F4724D0404B00EE047C /* StartUpFiles */ = {
			isa = PBXGroup;
			children = (
				CF4547B724D0296700E2F88A /* AppDelegate.swift */,
				CF4547B924D0296700E2F88A /* SceneDelegate.swift */,
			);
			path = StartUpFiles;
			sourceTree = "<group>";
		};
		CFB47F4E24D0449400EE047C /* Models */ = {
			isa = PBXGroup;
			children = (
				CFB47F4A24D0420200EE047C /* Commit.swift */,
				CFB47F4C24D0430100EE047C /* CommitMessage.swift */,
			);
			path = Models;
			sourceTree = "<group>";
		};
		CFB47F4F24D044B500EE047C /* Network */ = {
			isa = PBXGroup;
			children = (
				CFB47F5024D044F000EE047C /* NetworkResponseModel.swift */,
				CFB47F5224D0474100EE047C /* GitCaller.swift */,
			);
			path = Network;
			sourceTree = "<group>";
		};
		E2A6E4017307E29EB9FC120A /* Frameworks */ = {
			isa = PBXGroup;
			children = (
				01028DE236617729F859BBD5 /* Pods_Mint_Test.framework */,
			);
			name = Frameworks;
			sourceTree = "<group>";
		};
/* End PBXGroup section */

/* Begin PBXNativeTarget section */
		CF4547B324D0296700E2F88A /* Mint Test */ = {
			isa = PBXNativeTarget;
			buildConfigurationList = CF4547C824D0296800E2F88A /* Build configuration list for PBXNativeTarget "Mint Test" */;
			buildPhases = (
				4B6494707598AEBBB1F83222 /* [CP] Check Pods Manifest.lock */,
				CF4547B024D0296700E2F88A /* Sources */,
				CF4547B124D0296700E2F88A /* Frameworks */,
				CF4547B224D0296700E2F88A /* Resources */,
				98973BA2A124EF0C989B6A69 /* [CP] Embed Pods Frameworks */,
			);
			buildRules = (
			);
			dependencies = (
			);
			name = "Mint Test";
			productName = "Mint Test";
			productReference = CF4547B424D0296700E2F88A /* Mint Test.app */;
			productType = "com.apple.product-type.application";
		};
/* End PBXNativeTarget section */

/* Begin PBXProject section */
		CF4547AC24D0296700E2F88A /* Project object */ = {
			isa = PBXProject;
			attributes = {
				LastSwiftUpdateCheck = 1160;
				LastUpgradeCheck = 1160;
				ORGANIZATIONNAME = Maxwell;
				TargetAttributes = {
					CF4547B324D0296700E2F88A = {
						CreatedOnToolsVersion = 11.6;
					};
				};
			};
			buildConfigurationList = CF4547AF24D0296700E2F88A /* Build configuration list for PBXProject "Mint Test" */;
			compatibilityVersion = "Xcode 9.3";
			developmentRegion = en;
			hasScannedForEncodings = 0;
			knownRegions = (
				en,
				Base,
			);
			mainGroup = CF4547AB24D0296700E2F88A;
			productRefGroup = CF4547B524D0296700E2F88A /* Products */;
			projectDirPath = "";
			projectRoot = "";
			targets = (
				CF4547B324D0296700E2F88A /* Mint Test */,
			);
		};
/* End PBXProject section */

/* Begin PBXResourcesBuildPhase section */
		CF4547B224D0296700E2F88A /* Resources */ = {
			isa = PBXResourcesBuildPhase;
			buildActionMask = 2147483647;
			files = (
				CF4547C424D0296800E2F88A /* LaunchScreen.storyboard in Resources */,
				CF4547C124D0296800E2F88A /* Assets.xcassets in Resources */,
				CF4547BF24D0296700E2F88A /* Main.storyboard in Resources */,
			);
			runOnlyForDeploymentPostprocessing = 0;
		};
/* End PBXResourcesBuildPhase section */

/* Begin PBXShellScriptBuildPhase section */
		4B6494707598AEBBB1F83222 /* [CP] Check Pods Manifest.lock */ = {
			isa = PBXShellScriptBuildPhase;
			buildActionMask = 2147483647;
			files = (
			);
			inputFileListPaths = (
			);
			inputPaths = (
				"${PODS_PODFILE_DIR_PATH}/Podfile.lock",
				"${PODS_ROOT}/Manifest.lock",
			);
			name = "[CP] Check Pods Manifest.lock";
			outputFileListPaths = (
			);
			outputPaths = (
				"$(DERIVED_FILE_DIR)/Pods-Mint Test-checkManifestLockResult.txt",
			);
			runOnlyForDeploymentPostprocessing = 0;
			shellPath = /bin/sh;
			shellScript = "diff \"${PODS_PODFILE_DIR_PATH}/Podfile.lock\" \"${PODS_ROOT}/Manifest.lock\" > /dev/null\nif [ $? != 0 ] ; then\n    # print error to STDERR\n    echo \"error: The sandbox is not in sync with the Podfile.lock. Run 'pod install' or update your CocoaPods installation.\" >&2\n    exit 1\nfi\n# This output is used by Xcode 'outputs' to avoid re-running this script phase.\necho \"SUCCESS\" > \"${SCRIPT_OUTPUT_FILE_0}\"\n";
			showEnvVarsInLog = 0;
		};
		98973BA2A124EF0C989B6A69 /* [CP] Embed Pods Frameworks */ = {
			isa = PBXShellScriptBuildPhase;
			buildActionMask = 2147483647;
			files = (
			);
			inputFileListPaths = (
				"${PODS_ROOT}/Target Support Files/Pods-Mint Test/Pods-Mint Test-frameworks-${CONFIGURATION}-input-files.xcfilelist",
			);
			name = "[CP] Embed Pods Frameworks";
			outputFileListPaths = (
				"${PODS_ROOT}/Target Support Files/Pods-Mint Test/Pods-Mint Test-frameworks-${CONFIGURATION}-output-files.xcfilelist",
			);
			runOnlyForDeploymentPostprocessing = 0;
			shellPath = /bin/sh;
			shellScript = "\"${PODS_ROOT}/Target Support Files/Pods-Mint Test/Pods-Mint Test-frameworks.sh\"\n";
			showEnvVarsInLog = 0;
		};
/* End PBXShellScriptBuildPhase section */

/* Begin PBXSourcesBuildPhase section */
		CF4547B024D0296700E2F88A /* Sources */ = {
			isa = PBXSourcesBuildPhase;
			buildActionMask = 2147483647;
			files = (
				CFB47F4624D03D8100EE047C /* TableViewCell.swift in Sources */,
				CFB47F5124D044F000EE047C /* NetworkResponseModel.swift in Sources */,
				CFB47F4B24D0420200EE047C /* Commit.swift in Sources */,
				CF4547BC24D0296700E2F88A /* ViewController.swift in Sources */,
				CFB47F4D24D0430100EE047C /* CommitMessage.swift in Sources */,
				CF4547B824D0296700E2F88A /* AppDelegate.swift in Sources */,
				CF4547BA24D0296700E2F88A /* SceneDelegate.swift in Sources */,
				CFB47F4424D03D5100EE047C /* TableViewController.swift in Sources */,
				CFB47F5324D0474100EE047C /* GitCaller.swift in Sources */,
			);
			runOnlyForDeploymentPostprocessing = 0;
		};
/* End PBXSourcesBuildPhase section */

/* Begin PBXVariantGroup section */
		CF4547BD24D0296700E2F88A /* Main.storyboard */ = {
			isa = PBXVariantGroup;
			children = (
				CF4547BE24D0296700E2F88A /* Base */,
			);
			name = Main.storyboard;
			sourceTree = "<group>";
		};
		CF4547C224D0296800E2F88A /* LaunchScreen.storyboard */ = {
			isa = PBXVariantGroup;
			children = (
				CF4547C324D0296800E2F88A /* Base */,
			);
			name = LaunchScreen.storyboard;
			sourceTree = "<group>";
		};
/* End PBXVariantGroup section */

/* Begin XCBuildConfiguration section */
		CF4547C624D0296800E2F88A /* Debug */ = {
			isa = XCBuildConfiguration;
			buildSettings = {
				ALWAYS_SEARCH_USER_PATHS = NO;
				CLANG_ANALYZER_NONNULL = YES;
				CLANG_ANALYZER_NUMBER_OBJECT_CONVERSION = YES_AGGRESSIVE;
				CLANG_CXX_LANGUAGE_STANDARD = "gnu++14";
				CLANG_CXX_LIBRARY = "libc++";
				CLANG_ENABLE_MODULES = YES;
				CLANG_ENABLE_OBJC_ARC = YES;
				CLANG_ENABLE_OBJC_WEAK = YES;
				CLANG_WARN_BLOCK_CAPTURE_AUTORELEASING = YES;
				CLANG_WARN_BOOL_CONVERSION = YES;
				CLANG_WARN_COMMA = YES;
				CLANG_WARN_CONSTANT_CONVERSION = YES;
				CLANG_WARN_DEPRECATED_OBJC_IMPLEMENTATIONS = YES;
				CLANG_WARN_DIRECT_OBJC_ISA_USAGE = YES_ERROR;
				CLANG_WARN_DOCUMENTATION_COMMENTS = YES;
				CLANG_WARN_EMPTY_BODY = YES;
				CLANG_WARN_ENUM_CONVERSION = YES;
				CLANG_WARN_INFINITE_RECURSION = YES;
				CLANG_WARN_INT_CONVERSION = YES;
				CLANG_WARN_NON_LITERAL_NULL_CONVERSION = YES;
				CLANG_WARN_OBJC_IMPLICIT_RETAIN_SELF = YES;
				CLANG_WARN_OBJC_LITERAL_CONVERSION = YES;
				CLANG_WARN_OBJC_ROOT_CLASS = YES_ERROR;
				CLANG_WARN_RANGE_LOOP_ANALYSIS = YES;
				CLANG_WARN_STRICT_PROTOTYPES = YES;
				CLANG_WARN_SUSPICIOUS_MOVE = YES;
				CLANG_WARN_UNGUARDED_AVAILABILITY = YES_AGGRESSIVE;
				CLANG_WARN_UNREACHABLE_CODE = YES;
				CLANG_WARN__DUPLICATE_METHOD_MATCH = YES;
				COPY_PHASE_STRIP = NO;
				DEBUG_INFORMATION_FORMAT = dwarf;
				ENABLE_STRICT_OBJC_MSGSEND = YES;
				ENABLE_TESTABILITY = YES;
				GCC_C_LANGUAGE_STANDARD = gnu11;
				GCC_DYNAMIC_NO_PIC = NO;
				GCC_NO_COMMON_BLOCKS = YES;
				GCC_OPTIMIZATION_LEVEL = 0;
				GCC_PREPROCESSOR_DEFINITIONS = (
					"DEBUG=1",
					"$(inherited)",
				);
				GCC_WARN_64_TO_32_BIT_CONVERSION = YES;
				GCC_WARN_ABOUT_RETURN_TYPE = YES_ERROR;
				GCC_WARN_UNDECLARED_SELECTOR = YES;
				GCC_WARN_UNINITIALIZED_AUTOS = YES_AGGRESSIVE;
				GCC_WARN_UNUSED_FUNCTION = YES;
				GCC_WARN_UNUSED_VARIABLE = YES;
				IPHONEOS_DEPLOYMENT_TARGET = 11.0;
				MTL_ENABLE_DEBUG_INFO = INCLUDE_SOURCE;
				MTL_FAST_MATH = YES;
				ONLY_ACTIVE_ARCH = YES;
				SDKROOT = iphoneos;
				SWIFT_ACTIVE_COMPILATION_CONDITIONS = DEBUG;
				SWIFT_OPTIMIZATION_LEVEL = "-Onone";
			};
			name = Debug;
		};
		CF4547C724D0296800E2F88A /* Release */ = {
			isa = XCBuildConfiguration;
			buildSettings = {
				ALWAYS_SEARCH_USER_PATHS = NO;
				CLANG_ANALYZER_NONNULL = YES;
				CLANG_ANALYZER_NUMBER_OBJECT_CONVERSION = YES_AGGRESSIVE;
				CLANG_CXX_LANGUAGE_STANDARD = "gnu++14";
				CLANG_CXX_LIBRARY = "libc++";
				CLANG_ENABLE_MODULES = YES;
				CLANG_ENABLE_OBJC_ARC = YES;
				CLANG_ENABLE_OBJC_WEAK = YES;
				CLANG_WARN_BLOCK_CAPTURE_AUTORELEASING = YES;
				CLANG_WARN_BOOL_CONVERSION = YES;
				CLANG_WARN_COMMA = YES;
				CLANG_WARN_CONSTANT_CONVERSION = YES;
				CLANG_WARN_DEPRECATED_OBJC_IMPLEMENTATIONS = YES;
				CLANG_WARN_DIRECT_OBJC_ISA_USAGE = YES_ERROR;
				CLANG_WARN_DOCUMENTATION_COMMENTS = YES;
				CLANG_WARN_EMPTY_BODY = YES;
				CLANG_WARN_ENUM_CONVERSION = YES;
				CLANG_WARN_INFINITE_RECURSION = YES;
				CLANG_WARN_INT_CONVERSION = YES;
				CLANG_WARN_NON_LITERAL_NULL_CONVERSION = YES;
				CLANG_WARN_OBJC_IMPLICIT_RETAIN_SELF = YES;
				CLANG_WARN_OBJC_LITERAL_CONVERSION = YES;
				CLANG_WARN_OBJC_ROOT_CLASS = YES_ERROR;
				CLANG_WARN_RANGE_LOOP_ANALYSIS = YES;
				CLANG_WARN_STRICT_PROTOTYPES = YES;
				CLANG_WARN_SUSPICIOUS_MOVE = YES;
				CLANG_WARN_UNGUARDED_AVAILABILITY = YES_AGGRESSIVE;
				CLANG_WARN_UNREACHABLE_CODE = YES;
				CLANG_WARN__DUPLICATE_METHOD_MATCH = YES;
				COPY_PHASE_STRIP = NO;
				DEBUG_INFORMATION_FORMAT = "dwarf-with-dsym";
				ENABLE_NS_ASSERTIONS = NO;
				ENABLE_STRICT_OBJC_MSGSEND = YES;
				GCC_C_LANGUAGE_STANDARD = gnu11;
				GCC_NO_COMMON_BLOCKS = YES;
				GCC_WARN_64_TO_32_BIT_CONVERSION = YES;
				GCC_WARN_ABOUT_RETURN_TYPE = YES_ERROR;
				GCC_WARN_UNDECLARED_SELECTOR = YES;
				GCC_WARN_UNINITIALIZED_AUTOS = YES_AGGRESSIVE;
				GCC_WARN_UNUSED_FUNCTION = YES;
				GCC_WARN_UNUSED_VARIABLE = YES;
				IPHONEOS_DEPLOYMENT_TARGET = 11.0;
				MTL_ENABLE_DEBUG_INFO = NO;
				MTL_FAST_MATH = YES;
				SDKROOT = iphoneos;
				SWIFT_COMPILATION_MODE = wholemodule;
				SWIFT_OPTIMIZATION_LEVEL = "-O";
				VALIDATE_PRODUCT = YES;
			};
			name = Release;
		};
		CF4547C924D0296800E2F88A /* Debug */ = {
			isa = XCBuildConfiguration;
			baseConfigurationReference = 196CEAE4D537B9639043D414 /* Pods-Mint Test.debug.xcconfig */;
			buildSettings = {
				ASSETCATALOG_COMPILER_APPICON_NAME = AppIcon;
				CODE_SIGN_STYLE = Automatic;
				DEVELOPMENT_TEAM = RTY98JFWDK;
				INFOPLIST_FILE = "Mint Test/Info.plist";
				LD_RUNPATH_SEARCH_PATHS = (
					"$(inherited)",
					"@executable_path/Frameworks",
				);
				PRODUCT_BUNDLE_IDENTIFIER = "com.maxwell.nwanna.mint.Mint-Test";
				PRODUCT_NAME = "$(TARGET_NAME)";
				SWIFT_VERSION = 5.0;
				TARGETED_DEVICE_FAMILY = 1;
			};
			name = Debug;
		};
		CF4547CA24D0296800E2F88A /* Release */ = {
			isa = XCBuildConfiguration;
			baseConfigurationReference = AA43600FCC824F2072ADCC99 /* Pods-Mint Test.release.xcconfig */;
			buildSettings = {
				ASSETCATALOG_COMPILER_APPICON_NAME = AppIcon;
				CODE_SIGN_STYLE = Automatic;
				DEVELOPMENT_TEAM = RTY98JFWDK;
				INFOPLIST_FILE = "Mint Test/Info.plist";
				LD_RUNPATH_SEARCH_PATHS = (
					"$(inherited)",
					"@executable_path/Frameworks",
				);
				PRODUCT_BUNDLE_IDENTIFIER = "com.maxwell.nwanna.mint.Mint-Test";
				PRODUCT_NAME = "$(TARGET_NAME)";
				SWIFT_VERSION = 5.0;
				TARGETED_DEVICE_FAMILY = 1;
			};
			name = Release;
		};
/* End XCBuildConfiguration section */

/* Begin XCConfigurationList section */
		CF4547AF24D0296700E2F88A /* Build configuration list for PBXProject "Mint Test" */ = {
			isa = XCConfigurationList;
			buildConfigurations = (
				CF4547C624D0296800E2F88A /* Debug */,
				CF4547C724D0296800E2F88A /* Release */,
			);
			defaultConfigurationIsVisible = 0;
			defaultConfigurationName = Release;
		};
		CF4547C824D0296800E2F88A /* Build configuration list for PBXNativeTarget "Mint Test" */ = {
			isa = XCConfigurationList;
			buildConfigurations = (
				CF4547C924D0296800E2F88A /* Debug */,
				CF4547CA24D0296800E2F88A /* Release */,
			);
			defaultConfigurationIsVisible = 0;
			defaultConfigurationName = Release;
		};
/* End XCConfigurationList section */
	};
	rootObject = CF4547AC24D0296700E2F88A /* Project object */;
}
